{
  "nodes": {
    "disko": {
      "inputs": {
        "nixpkgs": "nixpkgs"
      },
      "locked": {
        "lastModified": 1736864502,
        "narHash": "sha256-ItkIZyebGvNH2dK9jVGzJHGPtb6BSWLN8Gmef16NeY0=",
        "type": "tarball",
        "url": "https://github.com/nix-community/disko/archive/v1.11.0.tar.gz"
      },
      "original": {
        "type": "tarball",
        "url": "https://github.com/nix-community/disko/archive/v1.11.0.tar.gz"
      }
    },
    "home-manager": {
      "inputs": {
        "nixpkgs": [
          "nixpkgs"
        ]
      },
      "locked": {
        "lastModified": 1755928099,
        "narHash": "sha256-OILVkfhRCm8u18IZ2DKR8gz8CVZM2ZcJmQBXmjFLIfk=",
        "type": "tarball",
        "url": "https://github.com/nix-community/home-manager/archive/release-25.05.tar.gz"
      },
      "original": {
        "type": "tarball",
        "url": "https://github.com/nix-community/home-manager/archive/release-25.05.tar.gz"
      }
    },
    "nixpkgs": {
      "locked": {
        "lastModified": 1736241350,
        "narHash": "sha256-CHd7yhaDigUuJyDeX0SADbTM9FXfiWaeNyY34FL1wQU=",
        "owner": "NixOS",
        "repo": "nixpkgs",
        "rev": "8c9fd3e564728e90829ee7dbac6edc972971cd0f",
        "type": "github"
      },
      "original": {
        "owner": "NixOS",
        "ref": "nixpkgs-unstable",
        "repo": "nixpkgs",
        "type": "github"
      }
    },
    "nixpkgs-unstable": {
      "locked": {
        "lastModified": 1755829505,
        "narHash": "sha256-4/Jd+LkQ2ssw8luQVkqVs9spDBVE6h/u/hC/tzngsPo=",
        "owner": "nixos",
        "repo": "nixpkgs",
        "rev": "f937f8ecd1c70efd7e9f90ba13dfb400cf559de4",
        "type": "github"
      },
      "original": {
        "owner": "nixos",
        "ref": "nixpkgs-unstable",
        "repo": "nixpkgs",
        "type": "github"
      }
    },
    "nixpkgs_2": {
      "locked": {
        "lastModified": 1755922037,
        "narHash": "sha256-wY1+2JPH0ZZC4BQefoZw/k+3+DowFyfOxv17CN/idKs=",
        "owner": "NixOS",
        "repo": "nixpkgs",
        "rev": "b1b3291469652d5a2edb0becc4ef0246fff97a7c",
        "type": "github"
      },
      "original": {
        "owner": "NixOS",
        "ref": "nixos-25.05",
        "repo": "nixpkgs",
        "type": "github"
      }
    },
    "quickshell": {
      "inputs": {
        "nixpkgs": [
          "nixpkgs"
        ]
      },
      "locked": {
        "lastModified": 1753595452,
        "narHash": "sha256-vqkSDvh7hWhPvNjMjEDV4KbSCv2jyl2Arh73ZXe274k=",
        "ref": "refs/heads/master",
        "rev": "a5431dd02dc23d9ef1680e67777fed00fe5f7cda",
        "revCount": 665,
        "type": "git",
        "url": "https://git.outfoxxed.me/outfoxxed/quickshell"
      },
      "original": {
        "type": "git",
        "url": "https://git.outfoxxed.me/outfoxxed/quickshell"
      }
    },
    "root": {
      "inputs": {
        "disko": "disko",
        "home-manager": "home-manager",
        "nixpkgs": "nixpkgs_2",
        "nixpkgs-unstable": "nixpkgs-unstable",
        "quickshell": "quickshell"
      }
    }
  },
  "root": "root",
  "version": 7
}
